{
  "name": "@muenchen/digiwf-form-builder",
  "version": "0.17.0",
  "lockfileVersion": 2,
  "requires": true,
  "packages": {
    "": {
      "name": "@muenchen/digiwf-form-builder",
      "version": "0.17.0",
      "devDependencies": {
        "deepmerge": "^4.2.2"
      },
      "peerDependencies": {
        "vue": "2.6.14",
        "vuetify": "^2.6.9"
      }
    },
    "node_modules/deepmerge": {
      "version": "4.2.2",
      "resolved": "https://registry.npmjs.org/deepmerge/-/deepmerge-4.2.2.tgz",
      "integrity": "sha512-FJ3UgI4gIl+PHZm53knsuSFpE+nESMr7M4v9QcgB7S63Kj/6WqMiFQJpBBYz1Pt+66bZpP3Q7Lye0Oo9MPKEdg==",
      "dev": true,
      "engines": {
        "node": ">=0.10.0"
      }
    },
    "node_modules/vue": {
      "version": "2.6.14",
      "resolved": "https://registry.npmjs.org/vue/-/vue-2.6.14.tgz",
      "integrity": "sha512-x2284lgYvjOMj3Za7kqzRcUSxBboHqtgRE2zlos1qWaOye5yUmHn42LB1250NJBLRwEcdrB0JRwyPTEPhfQjiQ==",
      "peer": true
    },
    "node_modules/vuetify": {
      "version": "2.6.9",
      "resolved": "https://registry.npmjs.org/vuetify/-/vuetify-2.6.9.tgz",
      "integrity": "sha512-f4jy/DWCwyrkgbbArg0ugSX70aHfv7oO3zz2nuXqoD3W0X8AgunrakzKkt0H+BnuZgesoit9NzLoJNj1GY5DWw==",
      "peer": true,
      "funding": {
        "type": "github",
        "url": "https://github.com/sponsors/johnleider"
      },
      "peerDependencies": {
        "vue": "^2.6.4"
      }
    }
  },
  "dependencies": {
    "deepmerge": {
      "version": "4.2.2",
      "resolved": "https://registry.npmjs.org/deepmerge/-/deepmerge-4.2.2.tgz",
      "integrity": "sha512-FJ3UgI4gIl+PHZm53knsuSFpE+nESMr7M4v9QcgB7S63Kj/6WqMiFQJpBBYz1Pt+66bZpP3Q7Lye0Oo9MPKEdg==",
      "dev": true
    },
    "vue": {
      "version": "2.6.14",
      "resolved": "https://registry.npmjs.org/vue/-/vue-2.6.14.tgz",
      "integrity": "sha512-x2284lgYvjOMj3Za7kqzRcUSxBboHqtgRE2zlos1qWaOye5yUmHn42LB1250NJBLRwEcdrB0JRwyPTEPhfQjiQ==",
      "peer": true
    },
    "vuetify": {
      "version": "2.6.9",
      "resolved": "https://registry.npmjs.org/vuetify/-/vuetify-2.6.9.tgz",
      "integrity": "sha512-f4jy/DWCwyrkgbbArg0ugSX70aHfv7oO3zz2nuXqoD3W0X8AgunrakzKkt0H+BnuZgesoit9NzLoJNj1GY5DWw==",
      "peer": true,
      "requires": {}
    }
  }
}
